
Microsoft Visual Studio Solution File, Format Version 12.00
# Visual Studio Version 17
VisualStudioVersion = 17.0.31919.166
MinimumVisualStudioVersion = 10.0.40219.1
Project("{FAE04EC0-301F-11D3-BF4B-00C04F79EFBC}") = "Kursach", "Kursach\Kursach.csproj", "{62DF6D81-F3B9-4E9E-A48D-34B02FA13692}"
EndProject
Global
	GlobalSection(SolutionConfigurationPlatforms) = preSolution
		Debug|Any CPU = Debug|Any CPU
		Release|Any CPU = Release|Any CPU
	EndGlobalSection
	GlobalSection(ProjectConfigurationPlatforms) = postSolution
		{62DF6D81-F3B9-4E9E-A48D-34B02FA13692}.Debug|Any CPU.ActiveCfg = Debug|Any CPU
		{62DF6D81-F3B9-4E9E-A48D-34B02FA13692}.Debug|Any CPU.Build.0 = Debug|Any CPU
		{62DF6D81-F3B9-4E9E-A48D-34B02FA13692}.Release|Any CPU.ActiveCfg = Release|Any CPU
		{62DF6D81-F3B9-4E9E-A48D-34B02FA13692}.Release|Any CPU.Build.0 = Release|Any CPU
	EndGlobalSection
	GlobalSection(SolutionProperties) = preSolution
		HideSolutionNode = FALSE
	EndGlobalSection
	GlobalSection(ExtensibilityGlobals) = postSolution
		SolutionGuid = {360A3229-120F-46AF-BB2E-C293D8593659}
	EndGlobalSection
EndGlobal
